// !$*UTF8*$!
{
	archiveVersion = 1;
	classes = {
	};
	objectVersion = 50;
	objects = {

/* Begin PBXBuildFile section */
		518495BDFD5C0DAE0885E1E9 /* libPods-GitStatusWatchApp WatchKit App.a in Frameworks */ = {isa = PBXBuildFile; fileRef = 7392C03438C19D069DC7403B /* libPods-GitStatusWatchApp WatchKit App.a */; };
		9F0B3E9D232083A200C4DE0B /* GitStatusWatchApp WatchKit App.app in Embed Watch Content */ = {isa = PBXBuildFile; fileRef = 9F0B3E9C232083A200C4DE0B /* GitStatusWatchApp WatchKit App.app */; settings = {ATTRIBUTES = (RemoveHeadersOnCopy, ); }; };
		9F0B3EA3232083A200C4DE0B /* Interface.storyboard in Resources */ = {isa = PBXBuildFile; fileRef = 9F0B3EA1232083A200C4DE0B /* Interface.storyboard */; };
		9F0B3EA5232083A400C4DE0B /* Assets.xcassets in Resources */ = {isa = PBXBuildFile; fileRef = 9F0B3EA4232083A400C4DE0B /* Assets.xcassets */; };
		9F0B3EAC232083A400C4DE0B /* GitStatusWatchApp WatchKit Extension.appex in Embed App Extensions */ = {isa = PBXBuildFile; fileRef = 9F0B3EAB232083A400C4DE0B /* GitStatusWatchApp WatchKit Extension.appex */; settings = {ATTRIBUTES = (RemoveHeadersOnCopy, ); }; };
		9F0B3EB1232083A400C4DE0B /* ContentView.swift in Sources */ = {isa = PBXBuildFile; fileRef = 9F0B3EB0232083A400C4DE0B /* ContentView.swift */; };
		9F0B3EB3232083A400C4DE0B /* HostingController.swift in Sources */ = {isa = PBXBuildFile; fileRef = 9F0B3EB2232083A400C4DE0B /* HostingController.swift */; };
		9F0B3EB5232083A400C4DE0B /* ExtensionDelegate.swift in Sources */ = {isa = PBXBuildFile; fileRef = 9F0B3EB4232083A400C4DE0B /* ExtensionDelegate.swift */; };
		9F0B3EB7232083A400C4DE0B /* NotificationController.swift in Sources */ = {isa = PBXBuildFile; fileRef = 9F0B3EB6232083A400C4DE0B /* NotificationController.swift */; };
		9F0B3EB9232083A400C4DE0B /* NotificationView.swift in Sources */ = {isa = PBXBuildFile; fileRef = 9F0B3EB8232083A400C4DE0B /* NotificationView.swift */; };
		9F0B3EBB232083A400C4DE0B /* ComplicationController.swift in Sources */ = {isa = PBXBuildFile; fileRef = 9F0B3EBA232083A400C4DE0B /* ComplicationController.swift */; };
		9F0B3EBD232083A500C4DE0B /* Assets.xcassets in Resources */ = {isa = PBXBuildFile; fileRef = 9F0B3EBC232083A500C4DE0B /* Assets.xcassets */; };
		9F0B3EC0232083A500C4DE0B /* Preview Assets.xcassets in Resources */ = {isa = PBXBuildFile; fileRef = 9F0B3EBF232083A500C4DE0B /* Preview Assets.xcassets */; };
		9F0B3ED12323151600C4DE0B /* GitStatusObject.swift in Sources */ = {isa = PBXBuildFile; fileRef = 9F0B3ED02323151600C4DE0B /* GitStatusObject.swift */; };
		9F0B3ED623245D5C00C4DE0B /* APICalls.swift in Sources */ = {isa = PBXBuildFile; fileRef = 9F0B3ED523245D5C00C4DE0B /* APICalls.swift */; };
		9F27512D237E1B0800BE06E0 /* GitIncidentsObject.swift in Sources */ = {isa = PBXBuildFile; fileRef = 9F27512C237E1B0800BE06E0 /* GitIncidentsObject.swift */; };
		9F27512F237E236B00BE06E0 /* IncidentViewModel.swift in Sources */ = {isa = PBXBuildFile; fileRef = 9F27512E237E236B00BE06E0 /* IncidentViewModel.swift */; };
		9F2751352387497D00BE06E0 /* UpcomingMaintenancesView.swift in Sources */ = {isa = PBXBuildFile; fileRef = 9F2751342387497D00BE06E0 /* UpcomingMaintenancesView.swift */; };
		9F275137238749B400BE06E0 /* MaintenancesViewModel.swift in Sources */ = {isa = PBXBuildFile; fileRef = 9F275136238749B400BE06E0 /* MaintenancesViewModel.swift */; };
		9F27513923874A3000BE06E0 /* MaintenanceObject.swift in Sources */ = {isa = PBXBuildFile; fileRef = 9F27513823874A3000BE06E0 /* MaintenanceObject.swift */; };
		9F27513B23874BAB00BE06E0 /* HelperMethods.swift in Sources */ = {isa = PBXBuildFile; fileRef = 9F27513A23874BAB00BE06E0 /* HelperMethods.swift */; };
		9F3E7CE0233D83B200CE8FA6 /* StatusListViewModel.swift in Sources */ = {isa = PBXBuildFile; fileRef = 9F3E7CDF233D83B200CE8FA6 /* StatusListViewModel.swift */; };
		9F4C7620237B0765004DB6A1 /* HomeView.swift in Sources */ = {isa = PBXBuildFile; fileRef = 9F4C761F237B0765004DB6A1 /* HomeView.swift */; };
		9F4C7622237B3673004DB6A1 /* IncidentView.swift in Sources */ = {isa = PBXBuildFile; fileRef = 9F4C7621237B3673004DB6A1 /* IncidentView.swift */; };
		A41CEA7E4104AFB335CA2BF5 /* libPods-GitStatusWatchApp.a in Frameworks */ = {isa = PBXBuildFile; fileRef = 52BEBF9960707A120143DB52 /* libPods-GitStatusWatchApp.a */; };
		BA9EE75CC196ED409C81E5D7 /* Pods_GitStatusWatchApp_WatchKit_Extension.framework in Frameworks */ = {isa = PBXBuildFile; fileRef = 2B70F7BFA4336EC51412F5E7 /* Pods_GitStatusWatchApp_WatchKit_Extension.framework */; };
/* End PBXBuildFile section */

/* Begin PBXContainerItemProxy section */
		9F0B3E9E232083A200C4DE0B /* PBXContainerItemProxy */ = {
			isa = PBXContainerItemProxy;
			containerPortal = 9F0B3E92232083A200C4DE0B /* Project object */;
			proxyType = 1;
			remoteGlobalIDString = 9F0B3E9B232083A200C4DE0B;
			remoteInfo = "GitStatusWatchApp WatchKit App";
		};
		9F0B3EAD232083A400C4DE0B /* PBXContainerItemProxy */ = {
			isa = PBXContainerItemProxy;
			containerPortal = 9F0B3E92232083A200C4DE0B /* Project object */;
			proxyType = 1;
			remoteGlobalIDString = 9F0B3EAA232083A400C4DE0B;
			remoteInfo = "GitStatusWatchApp WatchKit Extension";
		};
/* End PBXContainerItemProxy section */

/* Begin PBXCopyFilesBuildPhase section */
		9F0B3EC8232083A500C4DE0B /* Embed App Extensions */ = {
			isa = PBXCopyFilesBuildPhase;
			buildActionMask = 2147483647;
			dstPath = "";
			dstSubfolderSpec = 13;
			files = (
				9F0B3EAC232083A400C4DE0B /* GitStatusWatchApp WatchKit Extension.appex in Embed App Extensions */,
			);
			name = "Embed App Extensions";
			runOnlyForDeploymentPostprocessing = 0;
		};
		9F0B3ECC232083A500C4DE0B /* Embed Watch Content */ = {
			isa = PBXCopyFilesBuildPhase;
			buildActionMask = 2147483647;
			dstPath = "$(CONTENTS_FOLDER_PATH)/Watch";
			dstSubfolderSpec = 16;
			files = (
				9F0B3E9D232083A200C4DE0B /* GitStatusWatchApp WatchKit App.app in Embed Watch Content */,
			);
			name = "Embed Watch Content";
			runOnlyForDeploymentPostprocessing = 0;
		};
/* End PBXCopyFilesBuildPhase section */

/* Begin PBXFileReference section */
		2B70F7BFA4336EC51412F5E7 /* Pods_GitStatusWatchApp_WatchKit_Extension.framework */ = {isa = PBXFileReference; explicitFileType = wrapper.framework; includeInIndex = 0; path = Pods_GitStatusWatchApp_WatchKit_Extension.framework; sourceTree = BUILT_PRODUCTS_DIR; };
		41625304FBB6F581C6282BB8 /* Pods-GitStatusWatchApp WatchKit Extension.release.xcconfig */ = {isa = PBXFileReference; includeInIndex = 1; lastKnownFileType = text.xcconfig; name = "Pods-GitStatusWatchApp WatchKit Extension.release.xcconfig"; path = "Target Support Files/Pods-GitStatusWatchApp WatchKit Extension/Pods-GitStatusWatchApp WatchKit Extension.release.xcconfig"; sourceTree = "<group>"; };
		52BEBF9960707A120143DB52 /* libPods-GitStatusWatchApp.a */ = {isa = PBXFileReference; explicitFileType = archive.ar; includeInIndex = 0; path = "libPods-GitStatusWatchApp.a"; sourceTree = BUILT_PRODUCTS_DIR; };
		660FD85324623DBE8E780C70 /* Pods-GitStatusWatchApp.release.xcconfig */ = {isa = PBXFileReference; includeInIndex = 1; lastKnownFileType = text.xcconfig; name = "Pods-GitStatusWatchApp.release.xcconfig"; path = "Target Support Files/Pods-GitStatusWatchApp/Pods-GitStatusWatchApp.release.xcconfig"; sourceTree = "<group>"; };
		70F9D1C4C28AB388B5B7AD4E /* Pods-GitStatusWatchApp WatchKit Extension.debug.xcconfig */ = {isa = PBXFileReference; includeInIndex = 1; lastKnownFileType = text.xcconfig; name = "Pods-GitStatusWatchApp WatchKit Extension.debug.xcconfig"; path = "Target Support Files/Pods-GitStatusWatchApp WatchKit Extension/Pods-GitStatusWatchApp WatchKit Extension.debug.xcconfig"; sourceTree = "<group>"; };
		7392C03438C19D069DC7403B /* libPods-GitStatusWatchApp WatchKit App.a */ = {isa = PBXFileReference; explicitFileType = archive.ar; includeInIndex = 0; path = "libPods-GitStatusWatchApp WatchKit App.a"; sourceTree = BUILT_PRODUCTS_DIR; };
		87707C35682FDCE8096B1D1C /* Pods-GitStatusWatchApp.debug.xcconfig */ = {isa = PBXFileReference; includeInIndex = 1; lastKnownFileType = text.xcconfig; name = "Pods-GitStatusWatchApp.debug.xcconfig"; path = "Target Support Files/Pods-GitStatusWatchApp/Pods-GitStatusWatchApp.debug.xcconfig"; sourceTree = "<group>"; };
		9F0B3E98232083A200C4DE0B /* GitStatusWatchApp.app */ = {isa = PBXFileReference; explicitFileType = wrapper.application; includeInIndex = 0; path = GitStatusWatchApp.app; sourceTree = BUILT_PRODUCTS_DIR; };
		9F0B3E9C232083A200C4DE0B /* GitStatusWatchApp WatchKit App.app */ = {isa = PBXFileReference; explicitFileType = wrapper.application; includeInIndex = 0; path = "GitStatusWatchApp WatchKit App.app"; sourceTree = BUILT_PRODUCTS_DIR; };
		9F0B3EA2232083A200C4DE0B /* Base */ = {isa = PBXFileReference; lastKnownFileType = file.storyboard; name = Base; path = Base.lproj/Interface.storyboard; sourceTree = "<group>"; };
		9F0B3EA4232083A400C4DE0B /* Assets.xcassets */ = {isa = PBXFileReference; lastKnownFileType = folder.assetcatalog; path = Assets.xcassets; sourceTree = "<group>"; };
		9F0B3EA6232083A400C4DE0B /* Info.plist */ = {isa = PBXFileReference; lastKnownFileType = text.plist.xml; path = Info.plist; sourceTree = "<group>"; };
		9F0B3EAB232083A400C4DE0B /* GitStatusWatchApp WatchKit Extension.appex */ = {isa = PBXFileReference; explicitFileType = "wrapper.app-extension"; includeInIndex = 0; path = "GitStatusWatchApp WatchKit Extension.appex"; sourceTree = BUILT_PRODUCTS_DIR; };
		9F0B3EB0232083A400C4DE0B /* ContentView.swift */ = {isa = PBXFileReference; lastKnownFileType = sourcecode.swift; path = ContentView.swift; sourceTree = "<group>"; };
		9F0B3EB2232083A400C4DE0B /* HostingController.swift */ = {isa = PBXFileReference; lastKnownFileType = sourcecode.swift; path = HostingController.swift; sourceTree = "<group>"; };
		9F0B3EB4232083A400C4DE0B /* ExtensionDelegate.swift */ = {isa = PBXFileReference; lastKnownFileType = sourcecode.swift; path = ExtensionDelegate.swift; sourceTree = "<group>"; };
		9F0B3EB6232083A400C4DE0B /* NotificationController.swift */ = {isa = PBXFileReference; lastKnownFileType = sourcecode.swift; path = NotificationController.swift; sourceTree = "<group>"; };
		9F0B3EB8232083A400C4DE0B /* NotificationView.swift */ = {isa = PBXFileReference; lastKnownFileType = sourcecode.swift; path = NotificationView.swift; sourceTree = "<group>"; };
		9F0B3EBA232083A400C4DE0B /* ComplicationController.swift */ = {isa = PBXFileReference; lastKnownFileType = sourcecode.swift; path = ComplicationController.swift; sourceTree = "<group>"; };
		9F0B3EBC232083A500C4DE0B /* Assets.xcassets */ = {isa = PBXFileReference; lastKnownFileType = folder.assetcatalog; path = Assets.xcassets; sourceTree = "<group>"; };
		9F0B3EBF232083A500C4DE0B /* Preview Assets.xcassets */ = {isa = PBXFileReference; lastKnownFileType = folder.assetcatalog; path = "Preview Assets.xcassets"; sourceTree = "<group>"; };
		9F0B3EC1232083A500C4DE0B /* Info.plist */ = {isa = PBXFileReference; lastKnownFileType = text.plist.xml; path = Info.plist; sourceTree = "<group>"; };
		9F0B3EC2232083A500C4DE0B /* PushNotificationPayload.apns */ = {isa = PBXFileReference; lastKnownFileType = text; path = PushNotificationPayload.apns; sourceTree = "<group>"; };
		9F0B3ED02323151600C4DE0B /* GitStatusObject.swift */ = {isa = PBXFileReference; lastKnownFileType = sourcecode.swift; path = GitStatusObject.swift; sourceTree = "<group>"; };
		9F0B3ED523245D5C00C4DE0B /* APICalls.swift */ = {isa = PBXFileReference; lastKnownFileType = sourcecode.swift; path = APICalls.swift; sourceTree = "<group>"; };
		9F27512C237E1B0800BE06E0 /* GitIncidentsObject.swift */ = {isa = PBXFileReference; lastKnownFileType = sourcecode.swift; path = GitIncidentsObject.swift; sourceTree = "<group>"; };
		9F27512E237E236B00BE06E0 /* IncidentViewModel.swift */ = {isa = PBXFileReference; lastKnownFileType = sourcecode.swift; path = IncidentViewModel.swift; sourceTree = "<group>"; };
		9F2751342387497D00BE06E0 /* UpcomingMaintenancesView.swift */ = {isa = PBXFileReference; lastKnownFileType = sourcecode.swift; path = UpcomingMaintenancesView.swift; sourceTree = "<group>"; };
		9F275136238749B400BE06E0 /* MaintenancesViewModel.swift */ = {isa = PBXFileReference; lastKnownFileType = sourcecode.swift; path = MaintenancesViewModel.swift; sourceTree = "<group>"; };
		9F27513823874A3000BE06E0 /* MaintenanceObject.swift */ = {isa = PBXFileReference; lastKnownFileType = sourcecode.swift; path = MaintenanceObject.swift; sourceTree = "<group>"; };
		9F27513A23874BAB00BE06E0 /* HelperMethods.swift */ = {isa = PBXFileReference; lastKnownFileType = sourcecode.swift; path = HelperMethods.swift; sourceTree = "<group>"; };
		9F3E7CDF233D83B200CE8FA6 /* StatusListViewModel.swift */ = {isa = PBXFileReference; lastKnownFileType = sourcecode.swift; path = StatusListViewModel.swift; sourceTree = "<group>"; };
		9F4C761F237B0765004DB6A1 /* HomeView.swift */ = {isa = PBXFileReference; lastKnownFileType = sourcecode.swift; path = HomeView.swift; sourceTree = "<group>"; };
		9F4C7621237B3673004DB6A1 /* IncidentView.swift */ = {isa = PBXFileReference; lastKnownFileType = sourcecode.swift; path = IncidentView.swift; sourceTree = "<group>"; };
		F172325F182B1FD9E6EE8FA2 /* Pods-GitStatusWatchApp WatchKit App.debug.xcconfig */ = {isa = PBXFileReference; includeInIndex = 1; lastKnownFileType = text.xcconfig; name = "Pods-GitStatusWatchApp WatchKit App.debug.xcconfig"; path = "Target Support Files/Pods-GitStatusWatchApp WatchKit App/Pods-GitStatusWatchApp WatchKit App.debug.xcconfig"; sourceTree = "<group>"; };
		FC5679D9DB87E502D232EE2E /* Pods-GitStatusWatchApp WatchKit App.release.xcconfig */ = {isa = PBXFileReference; includeInIndex = 1; lastKnownFileType = text.xcconfig; name = "Pods-GitStatusWatchApp WatchKit App.release.xcconfig"; path = "Target Support Files/Pods-GitStatusWatchApp WatchKit App/Pods-GitStatusWatchApp WatchKit App.release.xcconfig"; sourceTree = "<group>"; };
/* End PBXFileReference section */

/* Begin PBXFrameworksBuildPhase section */
		07FC29150B781C8F7AFEF507 /* Frameworks */ = {
			isa = PBXFrameworksBuildPhase;
			buildActionMask = 2147483647;
			files = (
				A41CEA7E4104AFB335CA2BF5 /* libPods-GitStatusWatchApp.a in Frameworks */,
			);
			runOnlyForDeploymentPostprocessing = 0;
		};
		9F0B3EA8232083A400C4DE0B /* Frameworks */ = {
			isa = PBXFrameworksBuildPhase;
			buildActionMask = 2147483647;
			files = (
				BA9EE75CC196ED409C81E5D7 /* Pods_GitStatusWatchApp_WatchKit_Extension.framework in Frameworks */,
			);
			runOnlyForDeploymentPostprocessing = 0;
		};
		AC6DDC7E6F3385039A5A0BCC /* Frameworks */ = {
			isa = PBXFrameworksBuildPhase;
			buildActionMask = 2147483647;
			files = (
				518495BDFD5C0DAE0885E1E9 /* libPods-GitStatusWatchApp WatchKit App.a in Frameworks */,
			);
			runOnlyForDeploymentPostprocessing = 0;
		};
/* End PBXFrameworksBuildPhase section */

/* Begin PBXGroup section */
		13915812530CB972649E684B /* Frameworks */ = {
			isa = PBXGroup;
			children = (
				52BEBF9960707A120143DB52 /* libPods-GitStatusWatchApp.a */,
				7392C03438C19D069DC7403B /* libPods-GitStatusWatchApp WatchKit App.a */,
				2B70F7BFA4336EC51412F5E7 /* Pods_GitStatusWatchApp_WatchKit_Extension.framework */,
			);
			name = Frameworks;
			sourceTree = "<group>";
		};
		9F0B3E91232083A200C4DE0B = {
			isa = PBXGroup;
			children = (
				9F0B3EA0232083A200C4DE0B /* GitStatusWatchApp WatchKit App */,
				9F0B3EAF232083A400C4DE0B /* GitStatusWatchApp WatchKit Extension */,
				9F0B3E99232083A200C4DE0B /* Products */,
				C1F3DA730DAE27231D2300E5 /* Pods */,
				13915812530CB972649E684B /* Frameworks */,
			);
			sourceTree = "<group>";
		};
		9F0B3E99232083A200C4DE0B /* Products */ = {
			isa = PBXGroup;
			children = (
				9F0B3E98232083A200C4DE0B /* GitStatusWatchApp.app */,
				9F0B3E9C232083A200C4DE0B /* GitStatusWatchApp WatchKit App.app */,
				9F0B3EAB232083A400C4DE0B /* GitStatusWatchApp WatchKit Extension.appex */,
			);
			name = Products;
			sourceTree = "<group>";
		};
		9F0B3EA0232083A200C4DE0B /* GitStatusWatchApp WatchKit App */ = {
			isa = PBXGroup;
			children = (
				9F0B3EA1232083A200C4DE0B /* Interface.storyboard */,
				9F0B3EA4232083A400C4DE0B /* Assets.xcassets */,
				9F0B3EA6232083A400C4DE0B /* Info.plist */,
			);
			path = "GitStatusWatchApp WatchKit App";
			sourceTree = "<group>";
		};
		9F0B3EAF232083A400C4DE0B /* GitStatusWatchApp WatchKit Extension */ = {
			isa = PBXGroup;
			children = (
				9F0B3EB4232083A400C4DE0B /* ExtensionDelegate.swift */,
				9F3E7CDE233D838800CE8FA6 /* View Model */,
				9F0B3ED22323152200C4DE0B /* Model */,
				9F0B3ED32323153900C4DE0B /* View */,
				9F0B3ED42323154D00C4DE0B /* Controller */,
				9F0B3EBC232083A500C4DE0B /* Assets.xcassets */,
				9F0B3EC1232083A500C4DE0B /* Info.plist */,
				9F0B3EC2232083A500C4DE0B /* PushNotificationPayload.apns */,
				9F0B3EBE232083A500C4DE0B /* Preview Content */,
			);
			path = "GitStatusWatchApp WatchKit Extension";
			sourceTree = "<group>";
		};
		9F0B3EBE232083A500C4DE0B /* Preview Content */ = {
			isa = PBXGroup;
			children = (
				9F0B3EBF232083A500C4DE0B /* Preview Assets.xcassets */,
			);
			path = "Preview Content";
			sourceTree = "<group>";
		};
		9F0B3ED22323152200C4DE0B /* Model */ = {
			isa = PBXGroup;
			children = (
				9F0B3ED02323151600C4DE0B /* GitStatusObject.swift */,
				9F27512C237E1B0800BE06E0 /* GitIncidentsObject.swift */,
				9F27513823874A3000BE06E0 /* MaintenanceObject.swift */,
				9F0B3ED523245D5C00C4DE0B /* APICalls.swift */,
				9F27513A23874BAB00BE06E0 /* HelperMethods.swift */,
			);
			path = Model;
			sourceTree = "<group>";
		};
		9F0B3ED32323153900C4DE0B /* View */ = {
			isa = PBXGroup;
			children = (
				9F4C761F237B0765004DB6A1 /* HomeView.swift */,
				9F0B3EB0232083A400C4DE0B /* ContentView.swift */,
				9F4C7621237B3673004DB6A1 /* IncidentView.swift */,
				9F2751342387497D00BE06E0 /* UpcomingMaintenancesView.swift */,
				9F0B3EB8232083A400C4DE0B /* NotificationView.swift */,
			);
			path = View;
			sourceTree = "<group>";
		};
		9F0B3ED42323154D00C4DE0B /* Controller */ = {
			isa = PBXGroup;
			children = (
				9F0B3EB2232083A400C4DE0B /* HostingController.swift */,
				9F0B3EB6232083A400C4DE0B /* NotificationController.swift */,
				9F0B3EBA232083A400C4DE0B /* ComplicationController.swift */,
			);
			path = Controller;
			sourceTree = "<group>";
		};
		9F3E7CDE233D838800CE8FA6 /* View Model */ = {
			isa = PBXGroup;
			children = (
				9F3E7CDF233D83B200CE8FA6 /* StatusListViewModel.swift */,
				9F27512E237E236B00BE06E0 /* IncidentViewModel.swift */,
				9F275136238749B400BE06E0 /* MaintenancesViewModel.swift */,
			);
			path = "View Model";
			sourceTree = "<group>";
		};
		C1F3DA730DAE27231D2300E5 /* Pods */ = {
			isa = PBXGroup;
			children = (
				87707C35682FDCE8096B1D1C /* Pods-GitStatusWatchApp.debug.xcconfig */,
				660FD85324623DBE8E780C70 /* Pods-GitStatusWatchApp.release.xcconfig */,
				F172325F182B1FD9E6EE8FA2 /* Pods-GitStatusWatchApp WatchKit App.debug.xcconfig */,
				FC5679D9DB87E502D232EE2E /* Pods-GitStatusWatchApp WatchKit App.release.xcconfig */,
				70F9D1C4C28AB388B5B7AD4E /* Pods-GitStatusWatchApp WatchKit Extension.debug.xcconfig */,
				41625304FBB6F581C6282BB8 /* Pods-GitStatusWatchApp WatchKit Extension.release.xcconfig */,
			);
			path = Pods;
			sourceTree = "<group>";
		};
/* End PBXGroup section */

/* Begin PBXNativeTarget section */
		9F0B3E97232083A200C4DE0B /* GitStatusWatchApp */ = {
			isa = PBXNativeTarget;
			buildConfigurationList = 9F0B3ECD232083A500C4DE0B /* Build configuration list for PBXNativeTarget "GitStatusWatchApp" */;
			buildPhases = (
				E4EBD151646BBED706FC0CE7 /* [CP] Check Pods Manifest.lock */,
				9F0B3E96232083A200C4DE0B /* Resources */,
				9F0B3ECC232083A500C4DE0B /* Embed Watch Content */,
				07FC29150B781C8F7AFEF507 /* Frameworks */,
			);
			buildRules = (
			);
			dependencies = (
				9F0B3E9F232083A200C4DE0B /* PBXTargetDependency */,
			);
			name = GitStatusWatchApp;
			productName = GitStatusWatchApp;
			productReference = 9F0B3E98232083A200C4DE0B /* GitStatusWatchApp.app */;
			productType = "com.apple.product-type.application.watchapp2-container";
		};
		9F0B3E9B232083A200C4DE0B /* GitStatusWatchApp WatchKit App */ = {
			isa = PBXNativeTarget;
			buildConfigurationList = 9F0B3EC9232083A500C4DE0B /* Build configuration list for PBXNativeTarget "GitStatusWatchApp WatchKit App" */;
			buildPhases = (
				4707D955BF273EB174E80906 /* [CP] Check Pods Manifest.lock */,
				9F0B3E9A232083A200C4DE0B /* Resources */,
				9F0B3EC8232083A500C4DE0B /* Embed App Extensions */,
				AC6DDC7E6F3385039A5A0BCC /* Frameworks */,
			);
			buildRules = (
			);
			dependencies = (
				9F0B3EAE232083A400C4DE0B /* PBXTargetDependency */,
			);
			name = "GitStatusWatchApp WatchKit App";
			productName = "GitStatusWatchApp WatchKit App";
			productReference = 9F0B3E9C232083A200C4DE0B /* GitStatusWatchApp WatchKit App.app */;
			productType = "com.apple.product-type.application.watchapp2";
		};
		9F0B3EAA232083A400C4DE0B /* GitStatusWatchApp WatchKit Extension */ = {
			isa = PBXNativeTarget;
			buildConfigurationList = 9F0B3EC5232083A500C4DE0B /* Build configuration list for PBXNativeTarget "GitStatusWatchApp WatchKit Extension" */;
			buildPhases = (
				DD6F1FC72F24389884A44CE9 /* [CP] Check Pods Manifest.lock */,
				9F0B3EA7232083A400C4DE0B /* Sources */,
				9F0B3EA8232083A400C4DE0B /* Frameworks */,
				9F0B3EA9232083A400C4DE0B /* Resources */,
				585C75F5C391C2476506994A /* [CP] Embed Pods Frameworks */,
			);
			buildRules = (
			);
			dependencies = (
			);
			name = "GitStatusWatchApp WatchKit Extension";
			productName = "GitStatusWatchApp WatchKit Extension";
			productReference = 9F0B3EAB232083A400C4DE0B /* GitStatusWatchApp WatchKit Extension.appex */;
			productType = "com.apple.product-type.watchkit2-extension";
		};
/* End PBXNativeTarget section */

/* Begin PBXProject section */
		9F0B3E92232083A200C4DE0B /* Project object */ = {
			isa = PBXProject;
			attributes = {
				LastSwiftUpdateCheck = 1100;
				LastUpgradeCheck = 1100;
				ORGANIZATIONNAME = "Thomas Prezioso";
				TargetAttributes = {
					9F0B3E97232083A200C4DE0B = {
						CreatedOnToolsVersion = 11.0;
					};
					9F0B3E9B232083A200C4DE0B = {
						CreatedOnToolsVersion = 11.0;
					};
					9F0B3EAA232083A400C4DE0B = {
						CreatedOnToolsVersion = 11.0;
					};
				};
			};
			buildConfigurationList = 9F0B3E95232083A200C4DE0B /* Build configuration list for PBXProject "GitStatusWatchApp" */;
			compatibilityVersion = "Xcode 9.3";
			developmentRegion = en;
			hasScannedForEncodings = 0;
			knownRegions = (
				en,
				Base,
			);
			mainGroup = 9F0B3E91232083A200C4DE0B;
			productRefGroup = 9F0B3E99232083A200C4DE0B /* Products */;
			projectDirPath = "";
			projectRoot = "";
			targets = (
				9F0B3E97232083A200C4DE0B /* GitStatusWatchApp */,
				9F0B3E9B232083A200C4DE0B /* GitStatusWatchApp WatchKit App */,
				9F0B3EAA232083A400C4DE0B /* GitStatusWatchApp WatchKit Extension */,
			);
		};
/* End PBXProject section */

/* Begin PBXResourcesBuildPhase section */
		9F0B3E96232083A200C4DE0B /* Resources */ = {
			isa = PBXResourcesBuildPhase;
			buildActionMask = 2147483647;
			files = (
			);
			runOnlyForDeploymentPostprocessing = 0;
		};
		9F0B3E9A232083A200C4DE0B /* Resources */ = {
			isa = PBXResourcesBuildPhase;
			buildActionMask = 2147483647;
			files = (
				9F0B3EA5232083A400C4DE0B /* Assets.xcassets in Resources */,
				9F0B3EA3232083A200C4DE0B /* Interface.storyboard in Resources */,
			);
			runOnlyForDeploymentPostprocessing = 0;
		};
		9F0B3EA9232083A400C4DE0B /* Resources */ = {
			isa = PBXResourcesBuildPhase;
			buildActionMask = 2147483647;
			files = (
				9F0B3EC0232083A500C4DE0B /* Preview Assets.xcassets in Resources */,
				9F0B3EBD232083A500C4DE0B /* Assets.xcassets in Resources */,
			);
			runOnlyForDeploymentPostprocessing = 0;
		};
/* End PBXResourcesBuildPhase section */

/* Begin PBXShellScriptBuildPhase section */
		4707D955BF273EB174E80906 /* [CP] Check Pods Manifest.lock */ = {
			isa = PBXShellScriptBuildPhase;
			buildActionMask = 2147483647;
			files = (
			);
			inputFileListPaths = (
			);
			inputPaths = (
				"${PODS_PODFILE_DIR_PATH}/Podfile.lock",
				"${PODS_ROOT}/Manifest.lock",
			);
			name = "[CP] Check Pods Manifest.lock";
			outputFileListPaths = (
			);
			outputPaths = (
				"$(DERIVED_FILE_DIR)/Pods-GitStatusWatchApp WatchKit App-checkManifestLockResult.txt",
			);
			runOnlyForDeploymentPostprocessing = 0;
			shellPath = /bin/sh;
			shellScript = "diff \"${PODS_PODFILE_DIR_PATH}/Podfile.lock\" \"${PODS_ROOT}/Manifest.lock\" > /dev/null\nif [ $? != 0 ] ; then\n    # print error to STDERR\n    echo \"error: The sandbox is not in sync with the Podfile.lock. Run 'pod install' or update your CocoaPods installation.\" >&2\n    exit 1\nfi\n# This output is used by Xcode 'outputs' to avoid re-running this script phase.\necho \"SUCCESS\" > \"${SCRIPT_OUTPUT_FILE_0}\"\n";
			showEnvVarsInLog = 0;
		};
		585C75F5C391C2476506994A /* [CP] Embed Pods Frameworks */ = {
			isa = PBXShellScriptBuildPhase;
			buildActionMask = 2147483647;
			files = (
			);
			inputFileListPaths = (
			);
			inputPaths = (
				"${PODS_ROOT}/Target Support Files/Pods-GitStatusWatchApp WatchKit Extension/Pods-GitStatusWatchApp WatchKit Extension-frameworks.sh",
				"${BUILT_PRODUCTS_DIR}/Alamofire-framework/Alamofire.framework",
			);
			name = "[CP] Embed Pods Frameworks";
			outputFileListPaths = (
			);
			outputPaths = (
				"${TARGET_BUILD_DIR}/${FRAMEWORKS_FOLDER_PATH}/Alamofire.framework",
			);
			runOnlyForDeploymentPostprocessing = 0;
			shellPath = /bin/sh;
			shellScript = "\"${PODS_ROOT}/Target Support Files/Pods-GitStatusWatchApp WatchKit Extension/Pods-GitStatusWatchApp WatchKit Extension-frameworks.sh\"\n";
			showEnvVarsInLog = 0;
		};
		DD6F1FC72F24389884A44CE9 /* [CP] Check Pods Manifest.lock */ = {
			isa = PBXShellScriptBuildPhase;
			buildActionMask = 2147483647;
			files = (
			);
			inputFileListPaths = (
			);
			inputPaths = (
				"${PODS_PODFILE_DIR_PATH}/Podfile.lock",
				"${PODS_ROOT}/Manifest.lock",
			);
			name = "[CP] Check Pods Manifest.lock";
			outputFileListPaths = (
			);
			outputPaths = (
				"$(DERIVED_FILE_DIR)/Pods-GitStatusWatchApp WatchKit Extension-checkManifestLockResult.txt",
			);
			runOnlyForDeploymentPostprocessing = 0;
			shellPath = /bin/sh;
			shellScript = "diff \"${PODS_PODFILE_DIR_PATH}/Podfile.lock\" \"${PODS_ROOT}/Manifest.lock\" > /dev/null\nif [ $? != 0 ] ; then\n    # print error to STDERR\n    echo \"error: The sandbox is not in sync with the Podfile.lock. Run 'pod install' or update your CocoaPods installation.\" >&2\n    exit 1\nfi\n# This output is used by Xcode 'outputs' to avoid re-running this script phase.\necho \"SUCCESS\" > \"${SCRIPT_OUTPUT_FILE_0}\"\n";
			showEnvVarsInLog = 0;
		};
		E4EBD151646BBED706FC0CE7 /* [CP] Check Pods Manifest.lock */ = {
			isa = PBXShellScriptBuildPhase;
			buildActionMask = 2147483647;
			files = (
			);
			inputFileListPaths = (
			);
			inputPaths = (
				"${PODS_PODFILE_DIR_PATH}/Podfile.lock",
				"${PODS_ROOT}/Manifest.lock",
			);
			name = "[CP] Check Pods Manifest.lock";
			outputFileListPaths = (
			);
			outputPaths = (
				"$(DERIVED_FILE_DIR)/Pods-GitStatusWatchApp-checkManifestLockResult.txt",
			);
			runOnlyForDeploymentPostprocessing = 0;
			shellPath = /bin/sh;
			shellScript = "diff \"${PODS_PODFILE_DIR_PATH}/Podfile.lock\" \"${PODS_ROOT}/Manifest.lock\" > /dev/null\nif [ $? != 0 ] ; then\n    # print error to STDERR\n    echo \"error: The sandbox is not in sync with the Podfile.lock. Run 'pod install' or update your CocoaPods installation.\" >&2\n    exit 1\nfi\n# This output is used by Xcode 'outputs' to avoid re-running this script phase.\necho \"SUCCESS\" > \"${SCRIPT_OUTPUT_FILE_0}\"\n";
			showEnvVarsInLog = 0;
		};
/* End PBXShellScriptBuildPhase section */

/* Begin PBXSourcesBuildPhase section */
		9F0B3EA7232083A400C4DE0B /* Sources */ = {
			isa = PBXSourcesBuildPhase;
			buildActionMask = 2147483647;
			files = (
				9F0B3EB3232083A400C4DE0B /* HostingController.swift in Sources */,
				9F0B3ED12323151600C4DE0B /* GitStatusObject.swift in Sources */,
				9F0B3ED623245D5C00C4DE0B /* APICalls.swift in Sources */,
				9F27512D237E1B0800BE06E0 /* GitIncidentsObject.swift in Sources */,
				9F4C7620237B0765004DB6A1 /* HomeView.swift in Sources */,
				9F0B3EB1232083A400C4DE0B /* ContentView.swift in Sources */,
				9F27512F237E236B00BE06E0 /* IncidentViewModel.swift in Sources */,
				9F27513B23874BAB00BE06E0 /* HelperMethods.swift in Sources */,
				9F0B3EB7232083A400C4DE0B /* NotificationController.swift in Sources */,
				9F3E7CE0233D83B200CE8FA6 /* StatusListViewModel.swift in Sources */,
				9F0B3EB5232083A400C4DE0B /* ExtensionDelegate.swift in Sources */,
				9F0B3EB9232083A400C4DE0B /* NotificationView.swift in Sources */,
				9F0B3EBB232083A400C4DE0B /* ComplicationController.swift in Sources */,
				9F27513923874A3000BE06E0 /* MaintenanceObject.swift in Sources */,
				9F2751352387497D00BE06E0 /* UpcomingMaintenancesView.swift in Sources */,
				9F275137238749B400BE06E0 /* MaintenancesViewModel.swift in Sources */,
				9F4C7622237B3673004DB6A1 /* IncidentView.swift in Sources */,
			);
			runOnlyForDeploymentPostprocessing = 0;
		};
/* End PBXSourcesBuildPhase section */

/* Begin PBXTargetDependency section */
		9F0B3E9F232083A200C4DE0B /* PBXTargetDependency */ = {
			isa = PBXTargetDependency;
			target = 9F0B3E9B232083A200C4DE0B /* GitStatusWatchApp WatchKit App */;
			targetProxy = 9F0B3E9E232083A200C4DE0B /* PBXContainerItemProxy */;
		};
		9F0B3EAE232083A400C4DE0B /* PBXTargetDependency */ = {
			isa = PBXTargetDependency;
			target = 9F0B3EAA232083A400C4DE0B /* GitStatusWatchApp WatchKit Extension */;
			targetProxy = 9F0B3EAD232083A400C4DE0B /* PBXContainerItemProxy */;
		};
/* End PBXTargetDependency section */

/* Begin PBXVariantGroup section */
		9F0B3EA1232083A200C4DE0B /* Interface.storyboard */ = {
			isa = PBXVariantGroup;
			children = (
				9F0B3EA2232083A200C4DE0B /* Base */,
			);
			name = Interface.storyboard;
			sourceTree = "<group>";
		};
/* End PBXVariantGroup section */

/* Begin XCBuildConfiguration section */
		9F0B3EC3232083A500C4DE0B /* Debug */ = {
			isa = XCBuildConfiguration;
			buildSettings = {
				ALWAYS_SEARCH_USER_PATHS = NO;
				CLANG_ANALYZER_NONNULL = YES;
				CLANG_ANALYZER_NUMBER_OBJECT_CONVERSION = YES_AGGRESSIVE;
				CLANG_CXX_LANGUAGE_STANDARD = "gnu++14";
				CLANG_CXX_LIBRARY = "libc++";
				CLANG_ENABLE_MODULES = YES;
				CLANG_ENABLE_OBJC_ARC = YES;
				CLANG_ENABLE_OBJC_WEAK = YES;
				CLANG_WARN_BLOCK_CAPTURE_AUTORELEASING = YES;
				CLANG_WARN_BOOL_CONVERSION = YES;
				CLANG_WARN_COMMA = YES;
				CLANG_WARN_CONSTANT_CONVERSION = YES;
				CLANG_WARN_DEPRECATED_OBJC_IMPLEMENTATIONS = YES;
				CLANG_WARN_DIRECT_OBJC_ISA_USAGE = YES_ERROR;
				CLANG_WARN_DOCUMENTATION_COMMENTS = YES;
				CLANG_WARN_EMPTY_BODY = YES;
				CLANG_WARN_ENUM_CONVERSION = YES;
				CLANG_WARN_INFINITE_RECURSION = YES;
				CLANG_WARN_INT_CONVERSION = YES;
				CLANG_WARN_NON_LITERAL_NULL_CONVERSION = YES;
				CLANG_WARN_OBJC_IMPLICIT_RETAIN_SELF = YES;
				CLANG_WARN_OBJC_LITERAL_CONVERSION = YES;
				CLANG_WARN_OBJC_ROOT_CLASS = YES_ERROR;
				CLANG_WARN_RANGE_LOOP_ANALYSIS = YES;
				CLANG_WARN_STRICT_PROTOTYPES = YES;
				CLANG_WARN_SUSPICIOUS_MOVE = YES;
				CLANG_WARN_UNGUARDED_AVAILABILITY = YES_AGGRESSIVE;
				CLANG_WARN_UNREACHABLE_CODE = YES;
				CLANG_WARN__DUPLICATE_METHOD_MATCH = YES;
				COPY_PHASE_STRIP = NO;
				DEBUG_INFORMATION_FORMAT = dwarf;
				ENABLE_STRICT_OBJC_MSGSEND = YES;
				ENABLE_TESTABILITY = YES;
				GCC_C_LANGUAGE_STANDARD = gnu11;
				GCC_DYNAMIC_NO_PIC = NO;
				GCC_NO_COMMON_BLOCKS = YES;
				GCC_OPTIMIZATION_LEVEL = 0;
				GCC_PREPROCESSOR_DEFINITIONS = (
					"DEBUG=1",
					"$(inherited)",
				);
				GCC_WARN_64_TO_32_BIT_CONVERSION = YES;
				GCC_WARN_ABOUT_RETURN_TYPE = YES_ERROR;
				GCC_WARN_UNDECLARED_SELECTOR = YES;
				GCC_WARN_UNINITIALIZED_AUTOS = YES_AGGRESSIVE;
				GCC_WARN_UNUSED_FUNCTION = YES;
				GCC_WARN_UNUSED_VARIABLE = YES;
				MTL_ENABLE_DEBUG_INFO = INCLUDE_SOURCE;
				MTL_FAST_MATH = YES;
				ONLY_ACTIVE_ARCH = YES;
				SDKROOT = iphoneos;
				SWIFT_ACTIVE_COMPILATION_CONDITIONS = DEBUG;
				SWIFT_OPTIMIZATION_LEVEL = "-Onone";
			};
			name = Debug;
		};
		9F0B3EC4232083A500C4DE0B /* Release */ = {
			isa = XCBuildConfiguration;
			buildSettings = {
				ALWAYS_SEARCH_USER_PATHS = NO;
				CLANG_ANALYZER_NONNULL = YES;
				CLANG_ANALYZER_NUMBER_OBJECT_CONVERSION = YES_AGGRESSIVE;
				CLANG_CXX_LANGUAGE_STANDARD = "gnu++14";
				CLANG_CXX_LIBRARY = "libc++";
				CLANG_ENABLE_MODULES = YES;
				CLANG_ENABLE_OBJC_ARC = YES;
				CLANG_ENABLE_OBJC_WEAK = YES;
				CLANG_WARN_BLOCK_CAPTURE_AUTORELEASING = YES;
				CLANG_WARN_BOOL_CONVERSION = YES;
				CLANG_WARN_COMMA = YES;
				CLANG_WARN_CONSTANT_CONVERSION = YES;
				CLANG_WARN_DEPRECATED_OBJC_IMPLEMENTATIONS = YES;
				CLANG_WARN_DIRECT_OBJC_ISA_USAGE = YES_ERROR;
				CLANG_WARN_DOCUMENTATION_COMMENTS = YES;
				CLANG_WARN_EMPTY_BODY = YES;
				CLANG_WARN_ENUM_CONVERSION = YES;
				CLANG_WARN_INFINITE_RECURSION = YES;
				CLANG_WARN_INT_CONVERSION = YES;
				CLANG_WARN_NON_LITERAL_NULL_CONVERSION = YES;
				CLANG_WARN_OBJC_IMPLICIT_RETAIN_SELF = YES;
				CLANG_WARN_OBJC_LITERAL_CONVERSION = YES;
				CLANG_WARN_OBJC_ROOT_CLASS = YES_ERROR;
				CLANG_WARN_RANGE_LOOP_ANALYSIS = YES;
				CLANG_WARN_STRICT_PROTOTYPES = YES;
				CLANG_WARN_SUSPICIOUS_MOVE = YES;
				CLANG_WARN_UNGUARDED_AVAILABILITY = YES_AGGRESSIVE;
				CLANG_WARN_UNREACHABLE_CODE = YES;
				CLANG_WARN__DUPLICATE_METHOD_MATCH = YES;
				COPY_PHASE_STRIP = NO;
				DEBUG_INFORMATION_FORMAT = "dwarf-with-dsym";
				ENABLE_NS_ASSERTIONS = NO;
				ENABLE_STRICT_OBJC_MSGSEND = YES;
				GCC_C_LANGUAGE_STANDARD = gnu11;
				GCC_NO_COMMON_BLOCKS = YES;
				GCC_WARN_64_TO_32_BIT_CONVERSION = YES;
				GCC_WARN_ABOUT_RETURN_TYPE = YES_ERROR;
				GCC_WARN_UNDECLARED_SELECTOR = YES;
				GCC_WARN_UNINITIALIZED_AUTOS = YES_AGGRESSIVE;
				GCC_WARN_UNUSED_FUNCTION = YES;
				GCC_WARN_UNUSED_VARIABLE = YES;
				MTL_ENABLE_DEBUG_INFO = NO;
				MTL_FAST_MATH = YES;
				SDKROOT = iphoneos;
				SWIFT_COMPILATION_MODE = wholemodule;
				SWIFT_OPTIMIZATION_LEVEL = "-O";
				VALIDATE_PRODUCT = YES;
			};
			name = Release;
		};
		9F0B3EC6232083A500C4DE0B /* Debug */ = {
			isa = XCBuildConfiguration;
			baseConfigurationReference = 70F9D1C4C28AB388B5B7AD4E /* Pods-GitStatusWatchApp WatchKit Extension.debug.xcconfig */;
			buildSettings = {
				ASSETCATALOG_COMPILER_COMPLICATION_NAME = Complication;
				CODE_SIGN_STYLE = Automatic;
				DEVELOPMENT_ASSET_PATHS = "\"GitStatusWatchApp WatchKit Extension\"/Preview\\ Content";
				DEVELOPMENT_TEAM = 6JBM5ZNF6C;
				ENABLE_PREVIEWS = YES;
				INFOPLIST_FILE = "GitStatusWatchApp WatchKit Extension/Info.plist";
				LD_RUNPATH_SEARCH_PATHS = (
					"$(inherited)",
					"@executable_path/Frameworks",
					"@executable_path/../../Frameworks",
				);
				PRODUCT_BUNDLE_IDENTIFIER = io.tom.GitStatusWatchApp.watchkitapp.watchkitextension;
				PRODUCT_NAME = "${TARGET_NAME}";
				SDKROOT = watchos;
				SKIP_INSTALL = YES;
				SWIFT_VERSION = 5.0;
				TARGETED_DEVICE_FAMILY = 4;
				WATCHOS_DEPLOYMENT_TARGET = 6.0;
			};
			name = Debug;
		};
		9F0B3EC7232083A500C4DE0B /* Release */ = {
			isa = XCBuildConfiguration;
			baseConfigurationReference = 41625304FBB6F581C6282BB8 /* Pods-GitStatusWatchApp WatchKit Extension.release.xcconfig */;
			buildSettings = {
				ASSETCATALOG_COMPILER_COMPLICATION_NAME = Complication;
				CODE_SIGN_STYLE = Automatic;
				DEVELOPMENT_ASSET_PATHS = "\"GitStatusWatchApp WatchKit Extension\"/Preview\\ Content";
				DEVELOPMENT_TEAM = 6JBM5ZNF6C;
				ENABLE_PREVIEWS = YES;
				INFOPLIST_FILE = "GitStatusWatchApp WatchKit Extension/Info.plist";
				LD_RUNPATH_SEARCH_PATHS = (
					"$(inherited)",
					"@executable_path/Frameworks",
					"@executable_path/../../Frameworks",
				);
				PRODUCT_BUNDLE_IDENTIFIER = io.tom.GitStatusWatchApp.watchkitapp.watchkitextension;
				PRODUCT_NAME = "${TARGET_NAME}";
				SDKROOT = watchos;
				SKIP_INSTALL = YES;
				SWIFT_VERSION = 5.0;
				TARGETED_DEVICE_FAMILY = 4;
				WATCHOS_DEPLOYMENT_TARGET = 6.0;
			};
			name = Release;
		};
		9F0B3ECA232083A500C4DE0B /* Debug */ = {
			isa = XCBuildConfiguration;
			baseConfigurationReference = F172325F182B1FD9E6EE8FA2 /* Pods-GitStatusWatchApp WatchKit App.debug.xcconfig */;
			buildSettings = {
				ALWAYS_EMBED_SWIFT_STANDARD_LIBRARIES = YES;
				ASSETCATALOG_COMPILER_APPICON_NAME = AppIcon;
				CODE_SIGN_STYLE = Automatic;
				DEVELOPMENT_TEAM = 6JBM5ZNF6C;
				IBSC_MODULE = GitStatusWatchApp_WatchKit_Extension;
				INFOPLIST_FILE = "GitStatusWatchApp WatchKit App/Info.plist";
				PRODUCT_BUNDLE_IDENTIFIER = io.tom.GitStatusWatchApp.watchkitapp;
				PRODUCT_NAME = "$(TARGET_NAME)";
				SDKROOT = watchos;
				SKIP_INSTALL = YES;
				SWIFT_VERSION = 5.0;
				TARGETED_DEVICE_FAMILY = 4;
				WATCHOS_DEPLOYMENT_TARGET = 6.0;
			};
			name = Debug;
		};
		9F0B3ECB232083A500C4DE0B /* Release */ = {
			isa = XCBuildConfiguration;
			baseConfigurationReference = FC5679D9DB87E502D232EE2E /* Pods-GitStatusWatchApp WatchKit App.release.xcconfig */;
			buildSettings = {
				ALWAYS_EMBED_SWIFT_STANDARD_LIBRARIES = YES;
				ASSETCATALOG_COMPILER_APPICON_NAME = AppIcon;
				CODE_SIGN_STYLE = Automatic;
				DEVELOPMENT_TEAM = 6JBM5ZNF6C;
				IBSC_MODULE = GitStatusWatchApp_WatchKit_Extension;
				INFOPLIST_FILE = "GitStatusWatchApp WatchKit App/Info.plist";
				PRODUCT_BUNDLE_IDENTIFIER = io.tom.GitStatusWatchApp.watchkitapp;
				PRODUCT_NAME = "$(TARGET_NAME)";
				SDKROOT = watchos;
				SKIP_INSTALL = YES;
				SWIFT_VERSION = 5.0;
				TARGETED_DEVICE_FAMILY = 4;
				WATCHOS_DEPLOYMENT_TARGET = 6.0;
			};
			name = Release;
		};
		9F0B3ECE232083A500C4DE0B /* Debug */ = {
			isa = XCBuildConfiguration;
			baseConfigurationReference = 87707C35682FDCE8096B1D1C /* Pods-GitStatusWatchApp.debug.xcconfig */;
			buildSettings = {
				CODE_SIGN_STYLE = Automatic;
				CURRENT_PROJECT_VERSION = 1;
				DEVELOPMENT_TEAM = 6JBM5ZNF6C;
				MARKETING_VERSION = 1.0;
				PRODUCT_BUNDLE_IDENTIFIER = io.tom.GitStatusWatchApp;
				PRODUCT_NAME = "$(TARGET_NAME)";
				SWIFT_VERSION = 5.0;
			};
			name = Debug;
		};
		9F0B3ECF232083A500C4DE0B /* Release */ = {
			isa = XCBuildConfiguration;
			baseConfigurationReference = 660FD85324623DBE8E780C70 /* Pods-GitStatusWatchApp.release.xcconfig */;
			buildSettings = {
				CODE_SIGN_STYLE = Automatic;
				CURRENT_PROJECT_VERSION = 1;
				DEVELOPMENT_TEAM = 6JBM5ZNF6C;
				MARKETING_VERSION = 1.0;
				PRODUCT_BUNDLE_IDENTIFIER = io.tom.GitStatusWatchApp;
				PRODUCT_NAME = "$(TARGET_NAME)";
				SWIFT_VERSION = 5.0;
			};
			name = Release;
		};
/* End XCBuildConfiguration section */

/* Begin XCConfigurationList section */
		9F0B3E95232083A200C4DE0B /* Build configuration list for PBXProject "GitStatusWatchApp" */ = {
			isa = XCConfigurationList;
			buildConfigurations = (
				9F0B3EC3232083A500C4DE0B /* Debug */,
				9F0B3EC4232083A500C4DE0B /* Release */,
			);
			defaultConfigurationIsVisible = 0;
			defaultConfigurationName = Release;
		};
		9F0B3EC5232083A500C4DE0B /* Build configuration list for PBXNativeTarget "GitStatusWatchApp WatchKit Extension" */ = {
			isa = XCConfigurationList;
			buildConfigurations = (
				9F0B3EC6232083A500C4DE0B /* Debug */,
				9F0B3EC7232083A500C4DE0B /* Release */,
			);
			defaultConfigurationIsVisible = 0;
			defaultConfigurationName = Release;
		};
		9F0B3EC9232083A500C4DE0B /* Build configuration list for PBXNativeTarget "GitStatusWatchApp WatchKit App" */ = {
			isa = XCConfigurationList;
			buildConfigurations = (
				9F0B3ECA232083A500C4DE0B /* Debug */,
				9F0B3ECB232083A500C4DE0B /* Release */,
			);
			defaultConfigurationIsVisible = 0;
			defaultConfigurationName = Release;
		};
		9F0B3ECD232083A500C4DE0B /* Build configuration list for PBXNativeTarget "GitStatusWatchApp" */ = {
			isa = XCConfigurationList;
			buildConfigurations = (
				9F0B3ECE232083A500C4DE0B /* Debug */,
				9F0B3ECF232083A500C4DE0B /* Release */,
			);
			defaultConfigurationIsVisible = 0;
			defaultConfigurationName = Release;
		};
/* End XCConfigurationList section */
	};
	rootObject = 9F0B3E92232083A200C4DE0B /* Project object */;
}
